
Microsoft Visual Studio Solution File, Format Version 12.00
# Visual Studio Version 16
VisualStudioVersion = 16.0.31005.135
MinimumVisualStudioVersion = 10.0.40219.1
Project("{FAE04EC0-301F-11D3-BF4B-00C04F79EFBC}") = "hianyzasok", "hianyzasok\hianyzasok.csproj", "{F154FE25-7B2D-494C-AEFD-ACDC6F69F577}"
EndProject
Global
	GlobalSection(SolutionConfigurationPlatforms) = preSolution
		Debug|Any CPU = Debug|Any CPU
		Release|Any CPU = Release|Any CPU
	EndGlobalSection
	GlobalSection(ProjectConfigurationPlatforms) = postSolution
		{F154FE25-7B2D-494C-AEFD-ACDC6F69F577}.Debug|Any CPU.ActiveCfg = Debug|Any CPU
		{F154FE25-7B2D-494C-AEFD-ACDC6F69F577}.Debug|Any CPU.Build.0 = Debug|Any CPU
		{F154FE25-7B2D-494C-AEFD-ACDC6F69F577}.Release|Any CPU.ActiveCfg = Release|Any CPU
		{F154FE25-7B2D-494C-AEFD-ACDC6F69F577}.Release|Any CPU.Build.0 = Release|Any CPU
	EndGlobalSection
	GlobalSection(SolutionProperties) = preSolution
		HideSolutionNode = FALSE
	EndGlobalSection
	GlobalSection(ExtensibilityGlobals) = postSolution
		SolutionGuid = {570768C7-2C89-456F-9707-DA1208C7A219}
	EndGlobalSection
EndGlobal
